
Microsoft Visual Studio Solution File, Format Version 12.00
# Visual Studio Version 17
VisualStudioVersion = 17.0.31919.166
MinimumVisualStudioVersion = 10.0.40219.1
Project("{2150E333-8FDC-42A3-9474-1A3956D46DE8}") = "build", "build", "{E74A3E26-EF5F-46D4-8FB3-3E394DDF6DFA}"
	ProjectSection(SolutionItems) = preProject
		.editorconfig = .editorconfig
		Directory.Build.props = Directory.Build.props
		Directory.Build.targets = Directory.Build.targets
		Directory.Packages.props = Directory.Packages.props
		global.json = global.json
		LICENSE = LICENSE
		NuGet.Config = NuGet.Config
		README.md = README.md
	EndProjectSection
EndProject
Project("{9A19103F-16F7-4668-BE54-9A1E7A4F7556}") = "Vortice.Framework", "src\Vortice.Framework\Vortice.Framework.csproj", "{24B37F5A-6A45-497D-95E0-EAF8F5965DCF}"
EndProject
Project("{2150E333-8FDC-42A3-9474-1A3956D46DE8}") = "Direct3D11", "Direct3D11", "{20478CEB-0051-4C7F-BF01-2D2E7552B4B1}"
EndProject
Project("{2150E333-8FDC-42A3-9474-1A3956D46DE8}") = "Direct3D12", "Direct3D12", "{29DE9A3A-B79D-4B1B-933A-EEB3871A286F}"
EndProject
Project("{2150E333-8FDC-42A3-9474-1A3956D46DE8}") = "MediaFoundation", "MediaFoundation", "{43B5774C-3D54-4389-BB4A-DB9888BE7B5E}"
EndProject
Project("{2150E333-8FDC-42A3-9474-1A3956D46DE8}") = "XAudio2", "XAudio2", "{CEC06B08-EC4B-4823-A307-D2DF4F6C2CA2}"
EndProject
Project("{2150E333-8FDC-42A3-9474-1A3956D46DE8}") = "WinUI", "WinUI", "{25E958B0-AE66-4AE3-B8EC-6DDC85D11D5D}"
EndProject
Project("{9A19103F-16F7-4668-BE54-9A1E7A4F7556}") = "01_HelloWindow", "src\Direct3D11\01_HelloWindow\01_HelloWindow.csproj", "{4A6B559E-0278-4AD9-B557-C185110B2BB4}"
EndProject
Project("{9A19103F-16F7-4668-BE54-9A1E7A4F7556}") = "02_DrawTriangle", "src\Direct3D11\02_DrawTriangle\02_DrawTriangle.csproj", "{9983DD18-A543-4589-91D4-B0DD92A0ECEE}"
EndProject
Project("{9A19103F-16F7-4668-BE54-9A1E7A4F7556}") = "03_DrawQuad", "src\Direct3D11\03_DrawQuad\03_DrawQuad.csproj", "{27D73C4A-B96C-4B99-9871-459CF0287DC7}"
EndProject
Project("{9A19103F-16F7-4668-BE54-9A1E7A4F7556}") = "04_BufferOffsets", "src\Direct3D11\04_BufferOffsets\04_BufferOffsets.csproj", "{25B105C7-E9B4-48B6-90B2-F0B7BE227E1A}"
EndProject
Project("{9A19103F-16F7-4668-BE54-9A1E7A4F7556}") = "05_Cube", "src\Direct3D11\05_Cube\05_Cube.csproj", "{AC13E295-D611-4D61-82A3-AF6414627CDB}"
EndProject
Project("{9A19103F-16F7-4668-BE54-9A1E7A4F7556}") = "06_CubeAlphaBlend", "src\Direct3D11\06_CubeAlphaBlend\06_CubeAlphaBlend.csproj", "{A358878C-5047-4858-8C67-49D01717E8E1}"
EndProject
Project("{9A19103F-16F7-4668-BE54-9A1E7A4F7556}") = "07_TexturedCube", "src\Direct3D11\07_TexturedCube\07_TexturedCube.csproj", "{0F711329-176C-4F21-BDB4-2EEABF6C33A0}"
EndProject
Project("{9A19103F-16F7-4668-BE54-9A1E7A4F7556}") = "08_TexturedCubeFromFile", "src\Direct3D11\08_TexturedCubeFromFile\08_TexturedCubeFromFile.csproj", "{A63EDBC9-9F14-445A-8D32-B85FE713397C}"
EndProject
Project("{9A19103F-16F7-4668-BE54-9A1E7A4F7556}") = "09_Mipmapping", "src\Direct3D11\09_Mipmapping\09_Mipmapping.csproj", "{1177F4CE-D796-459B-946C-81D62F655836}"
EndProject
Project("{9A19103F-16F7-4668-BE54-9A1E7A4F7556}") = "10_Text", "src\Direct3D11\10_Text\10_Text.csproj", "{C322C549-3F70-414E-BEBF-B0B1F04B141B}"
EndProject
Project("{9A19103F-16F7-4668-BE54-9A1E7A4F7556}") = "VideoProcessorEnumerator", "src\Direct3D11\VideoProcessor\VideoProcessorEnumerator.csproj", "{8926F8DC-FAFC-44B4-93ED-BBE24E86D079}"
EndProject
Project("{9A19103F-16F7-4668-BE54-9A1E7A4F7556}") = "01_HelloWindow", "src\Direct3D12\01_HelloWindow\01_HelloWindow.csproj", "{A5BE1AB8-9E5B-4B95-B89E-4E449590B723}"
EndProject
Project("{9A19103F-16F7-4668-BE54-9A1E7A4F7556}") = "02_DrawTriangle", "src\Direct3D12\02_DrawTriangle\02_DrawTriangle.csproj", "{E0159369-3EF4-4BA3-9311-A2A401F5E3D9}"
EndProject
Project("{9A19103F-16F7-4668-BE54-9A1E7A4F7556}") = "03_DrawQuad", "src\Direct3D12\03_DrawQuad\03_DrawQuad.csproj", "{BDB30D43-9064-4B7B-A86A-4566E1195B67}"
EndProject
Project("{9A19103F-16F7-4668-BE54-9A1E7A4F7556}") = "04_DrawConstBuffers", "src\Direct3D12\04_DrawConstBuffers\04_DrawConstBuffers.csproj", "{601F94FB-C259-4E3B-B8EA-72918B4206F0}"
EndProject
Project("{9A19103F-16F7-4668-BE54-9A1E7A4F7556}") = "05_DrawCube", "src\Direct3D12\05_DrawCube\05_DrawCube.csproj", "{F9BF1615-48AC-4109-A6BA-F089464D8FE4}"
EndProject
Project("{9A19103F-16F7-4668-BE54-9A1E7A4F7556}") = "06_DrawCubeAlphaBlend", "src\Direct3D12\06_DrawCubeAlphaBlend\06_DrawCubeAlphaBlend.csproj", "{92806025-C66F-40DC-B2EE-2B920284751C}"
EndProject
Project("{9A19103F-16F7-4668-BE54-9A1E7A4F7556}") = "07_DrawTexturedCube", "src\Direct3D12\07_DrawTexturedCube\07_DrawTexturedCube.csproj", "{0262B776-F7F6-4DA8-AF25-488E17607DF6}"
EndProject
Project("{9A19103F-16F7-4668-BE54-9A1E7A4F7556}") = "MediaEngineApp", "src\MediaFoundation\MediaEngineApp\MediaEngineApp.csproj", "{99FCA93E-67D4-4835-9AF9-97BF5606B221}"
EndProject
Project("{9A19103F-16F7-4668-BE54-9A1E7A4F7556}") = "MediaEnginePlayVideo", "src\MediaFoundation\MediaEnginePlayVideo\MediaEnginePlayVideo.csproj", "{E4BDACEA-95E0-4ADA-8206-795C47982B38}"
EndProject
Project("{9A19103F-16F7-4668-BE54-9A1E7A4F7556}") = "WinUI_Example", "src\WinUI\WinUI_Example\WinUI_Example.csproj", "{0D4D302A-5127-4EEA-A28B-B68CC828F8BD}"
EndProject
Project("{9A19103F-16F7-4668-BE54-9A1E7A4F7556}") = "PlaySound", "src\XAudio2\PlaySound\PlaySound.csproj", "{8A7C9B3D-56B5-4EE7-896D-5FBCC3034745}"
EndProject
Global
	GlobalSection(SolutionConfigurationPlatforms) = preSolution
		Debug|Any CPU = Debug|Any CPU
		Debug|ARM64 = Debug|ARM64
		Debug|x64 = Debug|x64
		Debug|x86 = Debug|x86
		Release|Any CPU = Release|Any CPU
		Release|ARM64 = Release|ARM64
		Release|x64 = Release|x64
		Release|x86 = Release|x86
	EndGlobalSection
	GlobalSection(ProjectConfigurationPlatforms) = postSolution
		{24B37F5A-6A45-497D-95E0-EAF8F5965DCF}.Debug|Any CPU.ActiveCfg = Debug|Any CPU
		{24B37F5A-6A45-497D-95E0-EAF8F5965DCF}.Debug|Any CPU.Build.0 = Debug|Any CPU
		{24B37F5A-6A45-497D-95E0-EAF8F5965DCF}.Debug|ARM64.ActiveCfg = Debug|Any CPU
		{24B37F5A-6A45-497D-95E0-EAF8F5965DCF}.Debug|ARM64.Build.0 = Debug|Any CPU
		{24B37F5A-6A45-497D-95E0-EAF8F5965DCF}.Debug|x64.ActiveCfg = Debug|Any CPU
		{24B37F5A-6A45-497D-95E0-EAF8F5965DCF}.Debug|x64.Build.0 = Debug|Any CPU
		{24B37F5A-6A45-497D-95E0-EAF8F5965DCF}.Debug|x86.ActiveCfg = Debug|Any CPU
		{24B37F5A-6A45-497D-95E0-EAF8F5965DCF}.Debug|x86.Build.0 = Debug|Any CPU
		{24B37F5A-6A45-497D-95E0-EAF8F5965DCF}.Release|Any CPU.ActiveCfg = Release|Any CPU
		{24B37F5A-6A45-497D-95E0-EAF8F5965DCF}.Release|Any CPU.Build.0 = Release|Any CPU
		{24B37F5A-6A45-497D-95E0-EAF8F5965DCF}.Release|ARM64.ActiveCfg = Release|Any CPU
		{24B37F5A-6A45-497D-95E0-EAF8F5965DCF}.Release|ARM64.Build.0 = Release|Any CPU
		{24B37F5A-6A45-497D-95E0-EAF8F5965DCF}.Release|x64.ActiveCfg = Release|Any CPU
		{24B37F5A-6A45-497D-95E0-EAF8F5965DCF}.Release|x64.Build.0 = Release|Any CPU
		{24B37F5A-6A45-497D-95E0-EAF8F5965DCF}.Release|x86.ActiveCfg = Release|Any CPU
		{24B37F5A-6A45-497D-95E0-EAF8F5965DCF}.Release|x86.Build.0 = Release|Any CPU
		{4A6B559E-0278-4AD9-B557-C185110B2BB4}.Debug|Any CPU.ActiveCfg = Debug|Any CPU
		{4A6B559E-0278-4AD9-B557-C185110B2BB4}.Debug|Any CPU.Build.0 = Debug|Any CPU
		{4A6B559E-0278-4AD9-B557-C185110B2BB4}.Debug|ARM64.ActiveCfg = Debug|Any CPU
		{4A6B559E-0278-4AD9-B557-C185110B2BB4}.Debug|ARM64.Build.0 = Debug|Any CPU
		{4A6B559E-0278-4AD9-B557-C185110B2BB4}.Debug|x64.ActiveCfg = Debug|Any CPU
		{4A6B559E-0278-4AD9-B557-C185110B2BB4}.Debug|x64.Build.0 = Debug|Any CPU
		{4A6B559E-0278-4AD9-B557-C185110B2BB4}.Debug|x86.ActiveCfg = Debug|Any CPU
		{4A6B559E-0278-4AD9-B557-C185110B2BB4}.Debug|x86.Build.0 = Debug|Any CPU
		{4A6B559E-0278-4AD9-B557-C185110B2BB4}.Release|Any CPU.ActiveCfg = Release|Any CPU
		{4A6B559E-0278-4AD9-B557-C185110B2BB4}.Release|Any CPU.Build.0 = Release|Any CPU
		{4A6B559E-0278-4AD9-B557-C185110B2BB4}.Release|ARM64.ActiveCfg = Release|Any CPU
		{4A6B559E-0278-4AD9-B557-C185110B2BB4}.Release|ARM64.Build.0 = Release|Any CPU
		{4A6B559E-0278-4AD9-B557-C185110B2BB4}.Release|x64.ActiveCfg = Release|Any CPU
		{4A6B559E-0278-4AD9-B557-C185110B2BB4}.Release|x64.Build.0 = Release|Any CPU
		{4A6B559E-0278-4AD9-B557-C185110B2BB4}.Release|x86.ActiveCfg = Release|Any CPU
		{4A6B559E-0278-4AD9-B557-C185110B2BB4}.Release|x86.Build.0 = Release|Any CPU
		{9983DD18-A543-4589-91D4-B0DD92A0ECEE}.Debug|Any CPU.ActiveCfg = Debug|Any CPU
		{9983DD18-A543-4589-91D4-B0DD92A0ECEE}.Debug|Any CPU.Build.0 = Debug|Any CPU
		{9983DD18-A543-4589-91D4-B0DD92A0ECEE}.Debug|ARM64.ActiveCfg = Debug|Any CPU
		{9983DD18-A543-4589-91D4-B0DD92A0ECEE}.Debug|ARM64.Build.0 = Debug|Any CPU
		{9983DD18-A543-4589-91D4-B0DD92A0ECEE}.Debug|x64.ActiveCfg = Debug|Any CPU
		{9983DD18-A543-4589-91D4-B0DD92A0ECEE}.Debug|x64.Build.0 = Debug|Any CPU
		{9983DD18-A543-4589-91D4-B0DD92A0ECEE}.Debug|x86.ActiveCfg = Debug|Any CPU
		{9983DD18-A543-4589-91D4-B0DD92A0ECEE}.Debug|x86.Build.0 = Debug|Any CPU
		{9983DD18-A543-4589-91D4-B0DD92A0ECEE}.Release|Any CPU.ActiveCfg = Release|Any CPU
		{9983DD18-A543-4589-91D4-B0DD92A0ECEE}.Release|Any CPU.Build.0 = Release|Any CPU
		{9983DD18-A543-4589-91D4-B0DD92A0ECEE}.Release|ARM64.ActiveCfg = Release|Any CPU
		{9983DD18-A543-4589-91D4-B0DD92A0ECEE}.Release|ARM64.Build.0 = Release|Any CPU
		{9983DD18-A543-4589-91D4-B0DD92A0ECEE}.Release|x64.ActiveCfg = Release|Any CPU
		{9983DD18-A543-4589-91D4-B0DD92A0ECEE}.Release|x64.Build.0 = Release|Any CPU
		{9983DD18-A543-4589-91D4-B0DD92A0ECEE}.Release|x86.ActiveCfg = Release|Any CPU
		{9983DD18-A543-4589-91D4-B0DD92A0ECEE}.Release|x86.Build.0 = Release|Any CPU
		{27D73C4A-B96C-4B99-9871-459CF0287DC7}.Debug|Any CPU.ActiveCfg = Debug|Any CPU
		{27D73C4A-B96C-4B99-9871-459CF0287DC7}.Debug|Any CPU.Build.0 = Debug|Any CPU
		{27D73C4A-B96C-4B99-9871-459CF0287DC7}.Debug|ARM64.ActiveCfg = Debug|Any CPU
		{27D73C4A-B96C-4B99-9871-459CF0287DC7}.Debug|ARM64.Build.0 = Debug|Any CPU
		{27D73C4A-B96C-4B99-9871-459CF0287DC7}.Debug|x64.ActiveCfg = Debug|Any CPU
		{27D73C4A-B96C-4B99-9871-459CF0287DC7}.Debug|x64.Build.0 = Debug|Any CPU
		{27D73C4A-B96C-4B99-9871-459CF0287DC7}.Debug|x86.ActiveCfg = Debug|Any CPU
		{27D73C4A-B96C-4B99-9871-459CF0287DC7}.Debug|x86.Build.0 = Debug|Any CPU
		{27D73C4A-B96C-4B99-9871-459CF0287DC7}.Release|Any CPU.ActiveCfg = Release|Any CPU
		{27D73C4A-B96C-4B99-9871-459CF0287DC7}.Release|Any CPU.Build.0 = Release|Any CPU
		{27D73C4A-B96C-4B99-9871-459CF0287DC7}.Release|ARM64.ActiveCfg = Release|Any CPU
		{27D73C4A-B96C-4B99-9871-459CF0287DC7}.Release|ARM64.Build.0 = Release|Any CPU
		{27D73C4A-B96C-4B99-9871-459CF0287DC7}.Release|x64.ActiveCfg = Release|Any CPU
		{27D73C4A-B96C-4B99-9871-459CF0287DC7}.Release|x64.Build.0 = Release|Any CPU
		{27D73C4A-B96C-4B99-9871-459CF0287DC7}.Release|x86.ActiveCfg = Release|Any CPU
		{27D73C4A-B96C-4B99-9871-459CF0287DC7}.Release|x86.Build.0 = Release|Any CPU
		{25B105C7-E9B4-48B6-90B2-F0B7BE227E1A}.Debug|Any CPU.ActiveCfg = Debug|Any CPU
		{25B105C7-E9B4-48B6-90B2-F0B7BE227E1A}.Debug|Any CPU.Build.0 = Debug|Any CPU
		{25B105C7-E9B4-48B6-90B2-F0B7BE227E1A}.Debug|ARM64.ActiveCfg = Debug|Any CPU
		{25B105C7-E9B4-48B6-90B2-F0B7BE227E1A}.Debug|ARM64.Build.0 = Debug|Any CPU
		{25B105C7-E9B4-48B6-90B2-F0B7BE227E1A}.Debug|x64.ActiveCfg = Debug|Any CPU
		{25B105C7-E9B4-48B6-90B2-F0B7BE227E1A}.Debug|x64.Build.0 = Debug|Any CPU
		{25B105C7-E9B4-48B6-90B2-F0B7BE227E1A}.Debug|x86.ActiveCfg = Debug|Any CPU
		{25B105C7-E9B4-48B6-90B2-F0B7BE227E1A}.Debug|x86.Build.0 = Debug|Any CPU
		{25B105C7-E9B4-48B6-90B2-F0B7BE227E1A}.Release|Any CPU.ActiveCfg = Release|Any CPU
		{25B105C7-E9B4-48B6-90B2-F0B7BE227E1A}.Release|Any CPU.Build.0 = Release|Any CPU
		{25B105C7-E9B4-48B6-90B2-F0B7BE227E1A}.Release|ARM64.ActiveCfg = Release|Any CPU
		{25B105C7-E9B4-48B6-90B2-F0B7BE227E1A}.Release|ARM64.Build.0 = Release|Any CPU
		{25B105C7-E9B4-48B6-90B2-F0B7BE227E1A}.Release|x64.ActiveCfg = Release|Any CPU
		{25B105C7-E9B4-48B6-90B2-F0B7BE227E1A}.Release|x64.Build.0 = Release|Any CPU
		{25B105C7-E9B4-48B6-90B2-F0B7BE227E1A}.Release|x86.ActiveCfg = Release|Any CPU
		{25B105C7-E9B4-48B6-90B2-F0B7BE227E1A}.Release|x86.Build.0 = Release|Any CPU
		{AC13E295-D611-4D61-82A3-AF6414627CDB}.Debug|Any CPU.ActiveCfg = Debug|Any CPU
		{AC13E295-D611-4D61-82A3-AF6414627CDB}.Debug|Any CPU.Build.0 = Debug|Any CPU
		{AC13E295-D611-4D61-82A3-AF6414627CDB}.Debug|ARM64.ActiveCfg = Debug|Any CPU
		{AC13E295-D611-4D61-82A3-AF6414627CDB}.Debug|ARM64.Build.0 = Debug|Any CPU
		{AC13E295-D611-4D61-82A3-AF6414627CDB}.Debug|x64.ActiveCfg = Debug|Any CPU
		{AC13E295-D611-4D61-82A3-AF6414627CDB}.Debug|x64.Build.0 = Debug|Any CPU
		{AC13E295-D611-4D61-82A3-AF6414627CDB}.Debug|x86.ActiveCfg = Debug|Any CPU
		{AC13E295-D611-4D61-82A3-AF6414627CDB}.Debug|x86.Build.0 = Debug|Any CPU
		{AC13E295-D611-4D61-82A3-AF6414627CDB}.Release|Any CPU.ActiveCfg = Release|Any CPU
		{AC13E295-D611-4D61-82A3-AF6414627CDB}.Release|Any CPU.Build.0 = Release|Any CPU
		{AC13E295-D611-4D61-82A3-AF6414627CDB}.Release|ARM64.ActiveCfg = Release|Any CPU
		{AC13E295-D611-4D61-82A3-AF6414627CDB}.Release|ARM64.Build.0 = Release|Any CPU
		{AC13E295-D611-4D61-82A3-AF6414627CDB}.Release|x64.ActiveCfg = Release|Any CPU
		{AC13E295-D611-4D61-82A3-AF6414627CDB}.Release|x64.Build.0 = Release|Any CPU
		{AC13E295-D611-4D61-82A3-AF6414627CDB}.Release|x86.ActiveCfg = Release|Any CPU
		{AC13E295-D611-4D61-82A3-AF6414627CDB}.Release|x86.Build.0 = Release|Any CPU
		{A358878C-5047-4858-8C67-49D01717E8E1}.Debug|Any CPU.ActiveCfg = Debug|Any CPU
		{A358878C-5047-4858-8C67-49D01717E8E1}.Debug|Any CPU.Build.0 = Debug|Any CPU
		{A358878C-5047-4858-8C67-49D01717E8E1}.Debug|ARM64.ActiveCfg = Debug|Any CPU
		{A358878C-5047-4858-8C67-49D01717E8E1}.Debug|ARM64.Build.0 = Debug|Any CPU
		{A358878C-5047-4858-8C67-49D01717E8E1}.Debug|x64.ActiveCfg = Debug|Any CPU
		{A358878C-5047-4858-8C67-49D01717E8E1}.Debug|x64.Build.0 = Debug|Any CPU
		{A358878C-5047-4858-8C67-49D01717E8E1}.Debug|x86.ActiveCfg = Debug|Any CPU
		{A358878C-5047-4858-8C67-49D01717E8E1}.Debug|x86.Build.0 = Debug|Any CPU
		{A358878C-5047-4858-8C67-49D01717E8E1}.Release|Any CPU.ActiveCfg = Release|Any CPU
		{A358878C-5047-4858-8C67-49D01717E8E1}.Release|Any CPU.Build.0 = Release|Any CPU
		{A358878C-5047-4858-8C67-49D01717E8E1}.Release|ARM64.ActiveCfg = Release|Any CPU
		{A358878C-5047-4858-8C67-49D01717E8E1}.Release|ARM64.Build.0 = Release|Any CPU
		{A358878C-5047-4858-8C67-49D01717E8E1}.Release|x64.ActiveCfg = Release|Any CPU
		{A358878C-5047-4858-8C67-49D01717E8E1}.Release|x64.Build.0 = Release|Any CPU
		{A358878C-5047-4858-8C67-49D01717E8E1}.Release|x86.ActiveCfg = Release|Any CPU
		{A358878C-5047-4858-8C67-49D01717E8E1}.Release|x86.Build.0 = Release|Any CPU
		{0F711329-176C-4F21-BDB4-2EEABF6C33A0}.Debug|Any CPU.ActiveCfg = Debug|Any CPU
		{0F711329-176C-4F21-BDB4-2EEABF6C33A0}.Debug|Any CPU.Build.0 = Debug|Any CPU
		{0F711329-176C-4F21-BDB4-2EEABF6C33A0}.Debug|ARM64.ActiveCfg = Debug|Any CPU
		{0F711329-176C-4F21-BDB4-2EEABF6C33A0}.Debug|ARM64.Build.0 = Debug|Any CPU
		{0F711329-176C-4F21-BDB4-2EEABF6C33A0}.Debug|x64.ActiveCfg = Debug|Any CPU
		{0F711329-176C-4F21-BDB4-2EEABF6C33A0}.Debug|x64.Build.0 = Debug|Any CPU
		{0F711329-176C-4F21-BDB4-2EEABF6C33A0}.Debug|x86.ActiveCfg = Debug|Any CPU
		{0F711329-176C-4F21-BDB4-2EEABF6C33A0}.Debug|x86.Build.0 = Debug|Any CPU
		{0F711329-176C-4F21-BDB4-2EEABF6C33A0}.Release|Any CPU.ActiveCfg = Release|Any CPU
		{0F711329-176C-4F21-BDB4-2EEABF6C33A0}.Release|Any CPU.Build.0 = Release|Any CPU
		{0F711329-176C-4F21-BDB4-2EEABF6C33A0}.Release|ARM64.ActiveCfg = Release|Any CPU
		{0F711329-176C-4F21-BDB4-2EEABF6C33A0}.Release|ARM64.Build.0 = Release|Any CPU
		{0F711329-176C-4F21-BDB4-2EEABF6C33A0}.Release|x64.ActiveCfg = Release|Any CPU
		{0F711329-176C-4F21-BDB4-2EEABF6C33A0}.Release|x64.Build.0 = Release|Any CPU
		{0F711329-176C-4F21-BDB4-2EEABF6C33A0}.Release|x86.ActiveCfg = Release|Any CPU
		{0F711329-176C-4F21-BDB4-2EEABF6C33A0}.Release|x86.Build.0 = Release|Any CPU
		{A63EDBC9-9F14-445A-8D32-B85FE713397C}.Debug|Any CPU.ActiveCfg = Debug|Any CPU
		{A63EDBC9-9F14-445A-8D32-B85FE713397C}.Debug|Any CPU.Build.0 = Debug|Any CPU
		{A63EDBC9-9F14-445A-8D32-B85FE713397C}.Debug|ARM64.ActiveCfg = Debug|Any CPU
		{A63EDBC9-9F14-445A-8D32-B85FE713397C}.Debug|ARM64.Build.0 = Debug|Any CPU
		{A63EDBC9-9F14-445A-8D32-B85FE713397C}.Debug|x64.ActiveCfg = Debug|Any CPU
		{A63EDBC9-9F14-445A-8D32-B85FE713397C}.Debug|x64.Build.0 = Debug|Any CPU
		{A63EDBC9-9F14-445A-8D32-B85FE713397C}.Debug|x86.ActiveCfg = Debug|Any CPU
		{A63EDBC9-9F14-445A-8D32-B85FE713397C}.Debug|x86.Build.0 = Debug|Any CPU
		{A63EDBC9-9F14-445A-8D32-B85FE713397C}.Release|Any CPU.ActiveCfg = Release|Any CPU
		{A63EDBC9-9F14-445A-8D32-B85FE713397C}.Release|Any CPU.Build.0 = Release|Any CPU
		{A63EDBC9-9F14-445A-8D32-B85FE713397C}.Release|ARM64.ActiveCfg = Release|Any CPU
		{A63EDBC9-9F14-445A-8D32-B85FE713397C}.Release|ARM64.Build.0 = Release|Any CPU
		{A63EDBC9-9F14-445A-8D32-B85FE713397C}.Release|x64.ActiveCfg = Release|Any CPU
		{A63EDBC9-9F14-445A-8D32-B85FE713397C}.Release|x64.Build.0 = Release|Any CPU
		{A63EDBC9-9F14-445A-8D32-B85FE713397C}.Release|x86.ActiveCfg = Release|Any CPU
		{A63EDBC9-9F14-445A-8D32-B85FE713397C}.Release|x86.Build.0 = Release|Any CPU
		{1177F4CE-D796-459B-946C-81D62F655836}.Debug|Any CPU.ActiveCfg = Debug|Any CPU
		{1177F4CE-D796-459B-946C-81D62F655836}.Debug|Any CPU.Build.0 = Debug|Any CPU
		{1177F4CE-D796-459B-946C-81D62F655836}.Debug|ARM64.ActiveCfg = Debug|Any CPU
		{1177F4CE-D796-459B-946C-81D62F655836}.Debug|ARM64.Build.0 = Debug|Any CPU
		{1177F4CE-D796-459B-946C-81D62F655836}.Debug|x64.ActiveCfg = Debug|Any CPU
		{1177F4CE-D796-459B-946C-81D62F655836}.Debug|x64.Build.0 = Debug|Any CPU
		{1177F4CE-D796-459B-946C-81D62F655836}.Debug|x86.ActiveCfg = Debug|Any CPU
		{1177F4CE-D796-459B-946C-81D62F655836}.Debug|x86.Build.0 = Debug|Any CPU
		{1177F4CE-D796-459B-946C-81D62F655836}.Release|Any CPU.ActiveCfg = Release|Any CPU
		{1177F4CE-D796-459B-946C-81D62F655836}.Release|Any CPU.Build.0 = Release|Any CPU
		{1177F4CE-D796-459B-946C-81D62F655836}.Release|ARM64.ActiveCfg = Release|Any CPU
		{1177F4CE-D796-459B-946C-81D62F655836}.Release|ARM64.Build.0 = Release|Any CPU
		{1177F4CE-D796-459B-946C-81D62F655836}.Release|x64.ActiveCfg = Release|Any CPU
		{1177F4CE-D796-459B-946C-81D62F655836}.Release|x64.Build.0 = Release|Any CPU
		{1177F4CE-D796-459B-946C-81D62F655836}.Release|x86.ActiveCfg = Release|Any CPU
		{1177F4CE-D796-459B-946C-81D62F655836}.Release|x86.Build.0 = Release|Any CPU
		{C322C549-3F70-414E-BEBF-B0B1F04B141B}.Debug|Any CPU.ActiveCfg = Debug|Any CPU
		{C322C549-3F70-414E-BEBF-B0B1F04B141B}.Debug|Any CPU.Build.0 = Debug|Any CPU
		{C322C549-3F70-414E-BEBF-B0B1F04B141B}.Debug|ARM64.ActiveCfg = Debug|Any CPU
		{C322C549-3F70-414E-BEBF-B0B1F04B141B}.Debug|ARM64.Build.0 = Debug|Any CPU
		{C322C549-3F70-414E-BEBF-B0B1F04B141B}.Debug|x64.ActiveCfg = Debug|Any CPU
		{C322C549-3F70-414E-BEBF-B0B1F04B141B}.Debug|x64.Build.0 = Debug|Any CPU
		{C322C549-3F70-414E-BEBF-B0B1F04B141B}.Debug|x86.ActiveCfg = Debug|Any CPU
		{C322C549-3F70-414E-BEBF-B0B1F04B141B}.Debug|x86.Build.0 = Debug|Any CPU
		{C322C549-3F70-414E-BEBF-B0B1F04B141B}.Release|Any CPU.ActiveCfg = Release|Any CPU
		{C322C549-3F70-414E-BEBF-B0B1F04B141B}.Release|Any CPU.Build.0 = Release|Any CPU
		{C322C549-3F70-414E-BEBF-B0B1F04B141B}.Release|ARM64.ActiveCfg = Release|Any CPU
		{C322C549-3F70-414E-BEBF-B0B1F04B141B}.Release|ARM64.Build.0 = Release|Any CPU
		{C322C549-3F70-414E-BEBF-B0B1F04B141B}.Release|x64.ActiveCfg = Release|Any CPU
		{C322C549-3F70-414E-BEBF-B0B1F04B141B}.Release|x64.Build.0 = Release|Any CPU
		{C322C549-3F70-414E-BEBF-B0B1F04B141B}.Release|x86.ActiveCfg = Release|Any CPU
		{C322C549-3F70-414E-BEBF-B0B1F04B141B}.Release|x86.Build.0 = Release|Any CPU
		{8926F8DC-FAFC-44B4-93ED-BBE24E86D079}.Debug|Any CPU.ActiveCfg = Debug|Any CPU
		{8926F8DC-FAFC-44B4-93ED-BBE24E86D079}.Debug|Any CPU.Build.0 = Debug|Any CPU
		{8926F8DC-FAFC-44B4-93ED-BBE24E86D079}.Debug|ARM64.ActiveCfg = Debug|Any CPU
		{8926F8DC-FAFC-44B4-93ED-BBE24E86D079}.Debug|ARM64.Build.0 = Debug|Any CPU
		{8926F8DC-FAFC-44B4-93ED-BBE24E86D079}.Debug|x64.ActiveCfg = Debug|Any CPU
		{8926F8DC-FAFC-44B4-93ED-BBE24E86D079}.Debug|x64.Build.0 = Debug|Any CPU
		{8926F8DC-FAFC-44B4-93ED-BBE24E86D079}.Debug|x86.ActiveCfg = Debug|Any CPU
		{8926F8DC-FAFC-44B4-93ED-BBE24E86D079}.Debug|x86.Build.0 = Debug|Any CPU
		{8926F8DC-FAFC-44B4-93ED-BBE24E86D079}.Release|Any CPU.ActiveCfg = Release|Any CPU
		{8926F8DC-FAFC-44B4-93ED-BBE24E86D079}.Release|Any CPU.Build.0 = Release|Any CPU
		{8926F8DC-FAFC-44B4-93ED-BBE24E86D079}.Release|ARM64.ActiveCfg = Release|Any CPU
		{8926F8DC-FAFC-44B4-93ED-BBE24E86D079}.Release|ARM64.Build.0 = Release|Any CPU
		{8926F8DC-FAFC-44B4-93ED-BBE24E86D079}.Release|x64.ActiveCfg = Release|Any CPU
		{8926F8DC-FAFC-44B4-93ED-BBE24E86D079}.Release|x64.Build.0 = Release|Any CPU
		{8926F8DC-FAFC-44B4-93ED-BBE24E86D079}.Release|x86.ActiveCfg = Release|Any CPU
		{8926F8DC-FAFC-44B4-93ED-BBE24E86D079}.Release|x86.Build.0 = Release|Any CPU
		{A5BE1AB8-9E5B-4B95-B89E-4E449590B723}.Debug|Any CPU.ActiveCfg = Debug|Any CPU
		{A5BE1AB8-9E5B-4B95-B89E-4E449590B723}.Debug|Any CPU.Build.0 = Debug|Any CPU
		{A5BE1AB8-9E5B-4B95-B89E-4E449590B723}.Debug|ARM64.ActiveCfg = Debug|Any CPU
		{A5BE1AB8-9E5B-4B95-B89E-4E449590B723}.Debug|ARM64.Build.0 = Debug|Any CPU
		{A5BE1AB8-9E5B-4B95-B89E-4E449590B723}.Debug|x64.ActiveCfg = Debug|Any CPU
		{A5BE1AB8-9E5B-4B95-B89E-4E449590B723}.Debug|x64.Build.0 = Debug|Any CPU
		{A5BE1AB8-9E5B-4B95-B89E-4E449590B723}.Debug|x86.ActiveCfg = Debug|Any CPU
		{A5BE1AB8-9E5B-4B95-B89E-4E449590B723}.Debug|x86.Build.0 = Debug|Any CPU
		{A5BE1AB8-9E5B-4B95-B89E-4E449590B723}.Release|Any CPU.ActiveCfg = Release|Any CPU
		{A5BE1AB8-9E5B-4B95-B89E-4E449590B723}.Release|Any CPU.Build.0 = Release|Any CPU
		{A5BE1AB8-9E5B-4B95-B89E-4E449590B723}.Release|ARM64.ActiveCfg = Release|Any CPU
		{A5BE1AB8-9E5B-4B95-B89E-4E449590B723}.Release|ARM64.Build.0 = Release|Any CPU
		{A5BE1AB8-9E5B-4B95-B89E-4E449590B723}.Release|x64.ActiveCfg = Release|Any CPU
		{A5BE1AB8-9E5B-4B95-B89E-4E449590B723}.Release|x64.Build.0 = Release|Any CPU
		{A5BE1AB8-9E5B-4B95-B89E-4E449590B723}.Release|x86.ActiveCfg = Release|Any CPU
		{A5BE1AB8-9E5B-4B95-B89E-4E449590B723}.Release|x86.Build.0 = Release|Any CPU
		{E0159369-3EF4-4BA3-9311-A2A401F5E3D9}.Debug|Any CPU.ActiveCfg = Debug|Any CPU
		{E0159369-3EF4-4BA3-9311-A2A401F5E3D9}.Debug|Any CPU.Build.0 = Debug|Any CPU
		{E0159369-3EF4-4BA3-9311-A2A401F5E3D9}.Debug|ARM64.ActiveCfg = Debug|Any CPU
		{E0159369-3EF4-4BA3-9311-A2A401F5E3D9}.Debug|ARM64.Build.0 = Debug|Any CPU
		{E0159369-3EF4-4BA3-9311-A2A401F5E3D9}.Debug|x64.ActiveCfg = Debug|Any CPU
		{E0159369-3EF4-4BA3-9311-A2A401F5E3D9}.Debug|x64.Build.0 = Debug|Any CPU
		{E0159369-3EF4-4BA3-9311-A2A401F5E3D9}.Debug|x86.ActiveCfg = Debug|Any CPU
		{E0159369-3EF4-4BA3-9311-A2A401F5E3D9}.Debug|x86.Build.0 = Debug|Any CPU
		{E0159369-3EF4-4BA3-9311-A2A401F5E3D9}.Release|Any CPU.ActiveCfg = Release|Any CPU
		{E0159369-3EF4-4BA3-9311-A2A401F5E3D9}.Release|Any CPU.Build.0 = Release|Any CPU
		{E0159369-3EF4-4BA3-9311-A2A401F5E3D9}.Release|ARM64.ActiveCfg = Release|Any CPU
		{E0159369-3EF4-4BA3-9311-A2A401F5E3D9}.Release|ARM64.Build.0 = Release|Any CPU
		{E0159369-3EF4-4BA3-9311-A2A401F5E3D9}.Release|x64.ActiveCfg = Release|Any CPU
		{E0159369-3EF4-4BA3-9311-A2A401F5E3D9}.Release|x64.Build.0 = Release|Any CPU
		{E0159369-3EF4-4BA3-9311-A2A401F5E3D9}.Release|x86.ActiveCfg = Release|Any CPU
		{E0159369-3EF4-4BA3-9311-A2A401F5E3D9}.Release|x86.Build.0 = Release|Any CPU
		{BDB30D43-9064-4B7B-A86A-4566E1195B67}.Debug|Any CPU.ActiveCfg = Debug|Any CPU
		{BDB30D43-9064-4B7B-A86A-4566E1195B67}.Debug|Any CPU.Build.0 = Debug|Any CPU
		{BDB30D43-9064-4B7B-A86A-4566E1195B67}.Debug|ARM64.ActiveCfg = Debug|Any CPU
		{BDB30D43-9064-4B7B-A86A-4566E1195B67}.Debug|ARM64.Build.0 = Debug|Any CPU
		{BDB30D43-9064-4B7B-A86A-4566E1195B67}.Debug|x64.ActiveCfg = Debug|Any CPU
		{BDB30D43-9064-4B7B-A86A-4566E1195B67}.Debug|x64.Build.0 = Debug|Any CPU
		{BDB30D43-9064-4B7B-A86A-4566E1195B67}.Debug|x86.ActiveCfg = Debug|Any CPU
		{BDB30D43-9064-4B7B-A86A-4566E1195B67}.Debug|x86.Build.0 = Debug|Any CPU
		{BDB30D43-9064-4B7B-A86A-4566E1195B67}.Release|Any CPU.ActiveCfg = Release|Any CPU
		{BDB30D43-9064-4B7B-A86A-4566E1195B67}.Release|Any CPU.Build.0 = Release|Any CPU
		{BDB30D43-9064-4B7B-A86A-4566E1195B67}.Release|ARM64.ActiveCfg = Release|Any CPU
		{BDB30D43-9064-4B7B-A86A-4566E1195B67}.Release|ARM64.Build.0 = Release|Any CPU
		{BDB30D43-9064-4B7B-A86A-4566E1195B67}.Release|x64.ActiveCfg = Release|Any CPU
		{BDB30D43-9064-4B7B-A86A-4566E1195B67}.Release|x64.Build.0 = Release|Any CPU
		{BDB30D43-9064-4B7B-A86A-4566E1195B67}.Release|x86.ActiveCfg = Release|Any CPU
		{BDB30D43-9064-4B7B-A86A-4566E1195B67}.Release|x86.Build.0 = Release|Any CPU
		{601F94FB-C259-4E3B-B8EA-72918B4206F0}.Debug|Any CPU.ActiveCfg = Debug|Any CPU
		{601F94FB-C259-4E3B-B8EA-72918B4206F0}.Debug|Any CPU.Build.0 = Debug|Any CPU
		{601F94FB-C259-4E3B-B8EA-72918B4206F0}.Debug|ARM64.ActiveCfg = Debug|Any CPU
		{601F94FB-C259-4E3B-B8EA-72918B4206F0}.Debug|ARM64.Build.0 = Debug|Any CPU
		{601F94FB-C259-4E3B-B8EA-72918B4206F0}.Debug|x64.ActiveCfg = Debug|Any CPU
		{601F94FB-C259-4E3B-B8EA-72918B4206F0}.Debug|x64.Build.0 = Debug|Any CPU
		{601F94FB-C259-4E3B-B8EA-72918B4206F0}.Debug|x86.ActiveCfg = Debug|Any CPU
		{601F94FB-C259-4E3B-B8EA-72918B4206F0}.Debug|x86.Build.0 = Debug|Any CPU
		{601F94FB-C259-4E3B-B8EA-72918B4206F0}.Release|Any CPU.ActiveCfg = Release|Any CPU
		{601F94FB-C259-4E3B-B8EA-72918B4206F0}.Release|Any CPU.Build.0 = Release|Any CPU
		{601F94FB-C259-4E3B-B8EA-72918B4206F0}.Release|ARM64.ActiveCfg = Release|Any CPU
		{601F94FB-C259-4E3B-B8EA-72918B4206F0}.Release|ARM64.Build.0 = Release|Any CPU
		{601F94FB-C259-4E3B-B8EA-72918B4206F0}.Release|x64.ActiveCfg = Release|Any CPU
		{601F94FB-C259-4E3B-B8EA-72918B4206F0}.Release|x64.Build.0 = Release|Any CPU
		{601F94FB-C259-4E3B-B8EA-72918B4206F0}.Release|x86.ActiveCfg = Release|Any CPU
		{601F94FB-C259-4E3B-B8EA-72918B4206F0}.Release|x86.Build.0 = Release|Any CPU
		{F9BF1615-48AC-4109-A6BA-F089464D8FE4}.Debug|Any CPU.ActiveCfg = Debug|Any CPU
		{F9BF1615-48AC-4109-A6BA-F089464D8FE4}.Debug|Any CPU.Build.0 = Debug|Any CPU
		{F9BF1615-48AC-4109-A6BA-F089464D8FE4}.Debug|ARM64.ActiveCfg = Debug|Any CPU
		{F9BF1615-48AC-4109-A6BA-F089464D8FE4}.Debug|ARM64.Build.0 = Debug|Any CPU
		{F9BF1615-48AC-4109-A6BA-F089464D8FE4}.Debug|x64.ActiveCfg = Debug|Any CPU
		{F9BF1615-48AC-4109-A6BA-F089464D8FE4}.Debug|x64.Build.0 = Debug|Any CPU
		{F9BF1615-48AC-4109-A6BA-F089464D8FE4}.Debug|x86.ActiveCfg = Debug|Any CPU
		{F9BF1615-48AC-4109-A6BA-F089464D8FE4}.Debug|x86.Build.0 = Debug|Any CPU
		{F9BF1615-48AC-4109-A6BA-F089464D8FE4}.Release|Any CPU.ActiveCfg = Release|Any CPU
		{F9BF1615-48AC-4109-A6BA-F089464D8FE4}.Release|Any CPU.Build.0 = Release|Any CPU
		{F9BF1615-48AC-4109-A6BA-F089464D8FE4}.Release|ARM64.ActiveCfg = Release|Any CPU
		{F9BF1615-48AC-4109-A6BA-F089464D8FE4}.Release|ARM64.Build.0 = Release|Any CPU
		{F9BF1615-48AC-4109-A6BA-F089464D8FE4}.Release|x64.ActiveCfg = Release|Any CPU
		{F9BF1615-48AC-4109-A6BA-F089464D8FE4}.Release|x64.Build.0 = Release|Any CPU
		{F9BF1615-48AC-4109-A6BA-F089464D8FE4}.Release|x86.ActiveCfg = Release|Any CPU
		{F9BF1615-48AC-4109-A6BA-F089464D8FE4}.Release|x86.Build.0 = Release|Any CPU
		{92806025-C66F-40DC-B2EE-2B920284751C}.Debug|Any CPU.ActiveCfg = Debug|Any CPU
		{92806025-C66F-40DC-B2EE-2B920284751C}.Debug|Any CPU.Build.0 = Debug|Any CPU
		{92806025-C66F-40DC-B2EE-2B920284751C}.Debug|ARM64.ActiveCfg = Debug|Any CPU
		{92806025-C66F-40DC-B2EE-2B920284751C}.Debug|ARM64.Build.0 = Debug|Any CPU
		{92806025-C66F-40DC-B2EE-2B920284751C}.Debug|x64.ActiveCfg = Debug|Any CPU
		{92806025-C66F-40DC-B2EE-2B920284751C}.Debug|x64.Build.0 = Debug|Any CPU
		{92806025-C66F-40DC-B2EE-2B920284751C}.Debug|x86.ActiveCfg = Debug|Any CPU
		{92806025-C66F-40DC-B2EE-2B920284751C}.Debug|x86.Build.0 = Debug|Any CPU
		{92806025-C66F-40DC-B2EE-2B920284751C}.Release|Any CPU.ActiveCfg = Release|Any CPU
		{92806025-C66F-40DC-B2EE-2B920284751C}.Release|Any CPU.Build.0 = Release|Any CPU
		{92806025-C66F-40DC-B2EE-2B920284751C}.Release|ARM64.ActiveCfg = Release|Any CPU
		{92806025-C66F-40DC-B2EE-2B920284751C}.Release|ARM64.Build.0 = Release|Any CPU
		{92806025-C66F-40DC-B2EE-2B920284751C}.Release|x64.ActiveCfg = Release|Any CPU
		{92806025-C66F-40DC-B2EE-2B920284751C}.Release|x64.Build.0 = Release|Any CPU
		{92806025-C66F-40DC-B2EE-2B920284751C}.Release|x86.ActiveCfg = Release|Any CPU
		{92806025-C66F-40DC-B2EE-2B920284751C}.Release|x86.Build.0 = Release|Any CPU
		{0262B776-F7F6-4DA8-AF25-488E17607DF6}.Debug|Any CPU.ActiveCfg = Debug|Any CPU
		{0262B776-F7F6-4DA8-AF25-488E17607DF6}.Debug|Any CPU.Build.0 = Debug|Any CPU
		{0262B776-F7F6-4DA8-AF25-488E17607DF6}.Debug|ARM64.ActiveCfg = Debug|Any CPU
		{0262B776-F7F6-4DA8-AF25-488E17607DF6}.Debug|ARM64.Build.0 = Debug|Any CPU
		{0262B776-F7F6-4DA8-AF25-488E17607DF6}.Debug|x64.ActiveCfg = Debug|Any CPU
		{0262B776-F7F6-4DA8-AF25-488E17607DF6}.Debug|x64.Build.0 = Debug|Any CPU
		{0262B776-F7F6-4DA8-AF25-488E17607DF6}.Debug|x86.ActiveCfg = Debug|Any CPU
		{0262B776-F7F6-4DA8-AF25-488E17607DF6}.Debug|x86.Build.0 = Debug|Any CPU
		{0262B776-F7F6-4DA8-AF25-488E17607DF6}.Release|Any CPU.ActiveCfg = Release|Any CPU
		{0262B776-F7F6-4DA8-AF25-488E17607DF6}.Release|Any CPU.Build.0 = Release|Any CPU
		{0262B776-F7F6-4DA8-AF25-488E17607DF6}.Release|ARM64.ActiveCfg = Release|Any CPU
		{0262B776-F7F6-4DA8-AF25-488E17607DF6}.Release|ARM64.Build.0 = Release|Any CPU
		{0262B776-F7F6-4DA8-AF25-488E17607DF6}.Release|x64.ActiveCfg = Release|Any CPU
		{0262B776-F7F6-4DA8-AF25-488E17607DF6}.Release|x64.Build.0 = Release|Any CPU
		{0262B776-F7F6-4DA8-AF25-488E17607DF6}.Release|x86.ActiveCfg = Release|Any CPU
		{0262B776-F7F6-4DA8-AF25-488E17607DF6}.Release|x86.Build.0 = Release|Any CPU
		{99FCA93E-67D4-4835-9AF9-97BF5606B221}.Debug|Any CPU.ActiveCfg = Debug|Any CPU
		{99FCA93E-67D4-4835-9AF9-97BF5606B221}.Debug|Any CPU.Build.0 = Debug|Any CPU
		{99FCA93E-67D4-4835-9AF9-97BF5606B221}.Debug|ARM64.ActiveCfg = Debug|Any CPU
		{99FCA93E-67D4-4835-9AF9-97BF5606B221}.Debug|ARM64.Build.0 = Debug|Any CPU
		{99FCA93E-67D4-4835-9AF9-97BF5606B221}.Debug|x64.ActiveCfg = Debug|Any CPU
		{99FCA93E-67D4-4835-9AF9-97BF5606B221}.Debug|x64.Build.0 = Debug|Any CPU
		{99FCA93E-67D4-4835-9AF9-97BF5606B221}.Debug|x86.ActiveCfg = Debug|Any CPU
		{99FCA93E-67D4-4835-9AF9-97BF5606B221}.Debug|x86.Build.0 = Debug|Any CPU
		{99FCA93E-67D4-4835-9AF9-97BF5606B221}.Release|Any CPU.ActiveCfg = Release|Any CPU
		{99FCA93E-67D4-4835-9AF9-97BF5606B221}.Release|Any CPU.Build.0 = Release|Any CPU
		{99FCA93E-67D4-4835-9AF9-97BF5606B221}.Release|ARM64.ActiveCfg = Release|Any CPU
		{99FCA93E-67D4-4835-9AF9-97BF5606B221}.Release|ARM64.Build.0 = Release|Any CPU
		{99FCA93E-67D4-4835-9AF9-97BF5606B221}.Release|x64.ActiveCfg = Release|Any CPU
		{99FCA93E-67D4-4835-9AF9-97BF5606B221}.Release|x64.Build.0 = Release|Any CPU
		{99FCA93E-67D4-4835-9AF9-97BF5606B221}.Release|x86.ActiveCfg = Release|Any CPU
		{99FCA93E-67D4-4835-9AF9-97BF5606B221}.Release|x86.Build.0 = Release|Any CPU
		{E4BDACEA-95E0-4ADA-8206-795C47982B38}.Debug|Any CPU.ActiveCfg = Debug|Any CPU
		{E4BDACEA-95E0-4ADA-8206-795C47982B38}.Debug|Any CPU.Build.0 = Debug|Any CPU
		{E4BDACEA-95E0-4ADA-8206-795C47982B38}.Debug|ARM64.ActiveCfg = Debug|Any CPU
		{E4BDACEA-95E0-4ADA-8206-795C47982B38}.Debug|ARM64.Build.0 = Debug|Any CPU
		{E4BDACEA-95E0-4ADA-8206-795C47982B38}.Debug|x64.ActiveCfg = Debug|Any CPU
		{E4BDACEA-95E0-4ADA-8206-795C47982B38}.Debug|x64.Build.0 = Debug|Any CPU
		{E4BDACEA-95E0-4ADA-8206-795C47982B38}.Debug|x86.ActiveCfg = Debug|Any CPU
		{E4BDACEA-95E0-4ADA-8206-795C47982B38}.Debug|x86.Build.0 = Debug|Any CPU
		{E4BDACEA-95E0-4ADA-8206-795C47982B38}.Release|Any CPU.ActiveCfg = Release|Any CPU
		{E4BDACEA-95E0-4ADA-8206-795C47982B38}.Release|Any CPU.Build.0 = Release|Any CPU
		{E4BDACEA-95E0-4ADA-8206-795C47982B38}.Release|ARM64.ActiveCfg = Release|Any CPU
		{E4BDACEA-95E0-4ADA-8206-795C47982B38}.Release|ARM64.Build.0 = Release|Any CPU
		{E4BDACEA-95E0-4ADA-8206-795C47982B38}.Release|x64.ActiveCfg = Release|Any CPU
		{E4BDACEA-95E0-4ADA-8206-795C47982B38}.Release|x64.Build.0 = Release|Any CPU
		{E4BDACEA-95E0-4ADA-8206-795C47982B38}.Release|x86.ActiveCfg = Release|Any CPU
		{E4BDACEA-95E0-4ADA-8206-795C47982B38}.Release|x86.Build.0 = Release|Any CPU
		{0D4D302A-5127-4EEA-A28B-B68CC828F8BD}.Debug|Any CPU.ActiveCfg = Debug|x64
		{0D4D302A-5127-4EEA-A28B-B68CC828F8BD}.Debug|Any CPU.Build.0 = Debug|x64
		{0D4D302A-5127-4EEA-A28B-B68CC828F8BD}.Debug|Any CPU.Deploy.0 = Debug|x64
		{0D4D302A-5127-4EEA-A28B-B68CC828F8BD}.Debug|ARM64.ActiveCfg = Debug|ARM64
		{0D4D302A-5127-4EEA-A28B-B68CC828F8BD}.Debug|ARM64.Build.0 = Debug|ARM64
		{0D4D302A-5127-4EEA-A28B-B68CC828F8BD}.Debug|ARM64.Deploy.0 = Debug|ARM64
		{0D4D302A-5127-4EEA-A28B-B68CC828F8BD}.Debug|x64.ActiveCfg = Debug|x64
		{0D4D302A-5127-4EEA-A28B-B68CC828F8BD}.Debug|x64.Build.0 = Debug|x64
		{0D4D302A-5127-4EEA-A28B-B68CC828F8BD}.Debug|x64.Deploy.0 = Debug|x64
		{0D4D302A-5127-4EEA-A28B-B68CC828F8BD}.Debug|x86.ActiveCfg = Debug|x86
		{0D4D302A-5127-4EEA-A28B-B68CC828F8BD}.Debug|x86.Build.0 = Debug|x86
		{0D4D302A-5127-4EEA-A28B-B68CC828F8BD}.Debug|x86.Deploy.0 = Debug|x86
		{0D4D302A-5127-4EEA-A28B-B68CC828F8BD}.Release|Any CPU.ActiveCfg = Release|x64
		{0D4D302A-5127-4EEA-A28B-B68CC828F8BD}.Release|Any CPU.Build.0 = Release|x64
		{0D4D302A-5127-4EEA-A28B-B68CC828F8BD}.Release|Any CPU.Deploy.0 = Release|x64
		{0D4D302A-5127-4EEA-A28B-B68CC828F8BD}.Release|ARM64.ActiveCfg = Release|ARM64
		{0D4D302A-5127-4EEA-A28B-B68CC828F8BD}.Release|ARM64.Build.0 = Release|ARM64
		{0D4D302A-5127-4EEA-A28B-B68CC828F8BD}.Release|ARM64.Deploy.0 = Release|ARM64
		{0D4D302A-5127-4EEA-A28B-B68CC828F8BD}.Release|x64.ActiveCfg = Release|x64
		{0D4D302A-5127-4EEA-A28B-B68CC828F8BD}.Release|x64.Build.0 = Release|x64
		{0D4D302A-5127-4EEA-A28B-B68CC828F8BD}.Release|x64.Deploy.0 = Release|x64
		{0D4D302A-5127-4EEA-A28B-B68CC828F8BD}.Release|x86.ActiveCfg = Release|x86
		{0D4D302A-5127-4EEA-A28B-B68CC828F8BD}.Release|x86.Build.0 = Release|x86
		{0D4D302A-5127-4EEA-A28B-B68CC828F8BD}.Release|x86.Deploy.0 = Release|x86
		{8A7C9B3D-56B5-4EE7-896D-5FBCC3034745}.Debug|Any CPU.ActiveCfg = Debug|Any CPU
		{8A7C9B3D-56B5-4EE7-896D-5FBCC3034745}.Debug|Any CPU.Build.0 = Debug|Any CPU
		{8A7C9B3D-56B5-4EE7-896D-5FBCC3034745}.Debug|ARM64.ActiveCfg = Debug|Any CPU
		{8A7C9B3D-56B5-4EE7-896D-5FBCC3034745}.Debug|ARM64.Build.0 = Debug|Any CPU
		{8A7C9B3D-56B5-4EE7-896D-5FBCC3034745}.Debug|x64.ActiveCfg = Debug|Any CPU
		{8A7C9B3D-56B5-4EE7-896D-5FBCC3034745}.Debug|x64.Build.0 = Debug|Any CPU
		{8A7C9B3D-56B5-4EE7-896D-5FBCC3034745}.Debug|x86.ActiveCfg = Debug|Any CPU
		{8A7C9B3D-56B5-4EE7-896D-5FBCC3034745}.Debug|x86.Build.0 = Debug|Any CPU
		{8A7C9B3D-56B5-4EE7-896D-5FBCC3034745}.Release|Any CPU.ActiveCfg = Release|Any CPU
		{8A7C9B3D-56B5-4EE7-896D-5FBCC3034745}.Release|Any CPU.Build.0 = Release|Any CPU
		{8A7C9B3D-56B5-4EE7-896D-5FBCC3034745}.Release|ARM64.ActiveCfg = Release|Any CPU
		{8A7C9B3D-56B5-4EE7-896D-5FBCC3034745}.Release|ARM64.Build.0 = Release|Any CPU
		{8A7C9B3D-56B5-4EE7-896D-5FBCC3034745}.Release|x64.ActiveCfg = Release|Any CPU
		{8A7C9B3D-56B5-4EE7-896D-5FBCC3034745}.Release|x64.Build.0 = Release|Any CPU
		{8A7C9B3D-56B5-4EE7-896D-5FBCC3034745}.Release|x86.ActiveCfg = Release|Any CPU
		{8A7C9B3D-56B5-4EE7-896D-5FBCC3034745}.Release|x86.Build.0 = Release|Any CPU
	EndGlobalSection
	GlobalSection(SolutionProperties) = preSolution
		HideSolutionNode = FALSE
	EndGlobalSection
	GlobalSection(NestedProjects) = preSolution
		{4A6B559E-0278-4AD9-B557-C185110B2BB4} = {20478CEB-0051-4C7F-BF01-2D2E7552B4B1}
		{9983DD18-A543-4589-91D4-B0DD92A0ECEE} = {20478CEB-0051-4C7F-BF01-2D2E7552B4B1}
		{27D73C4A-B96C-4B99-9871-459CF0287DC7} = {20478CEB-0051-4C7F-BF01-2D2E7552B4B1}
		{25B105C7-E9B4-48B6-90B2-F0B7BE227E1A} = {20478CEB-0051-4C7F-BF01-2D2E7552B4B1}
		{AC13E295-D611-4D61-82A3-AF6414627CDB} = {20478CEB-0051-4C7F-BF01-2D2E7552B4B1}
		{A358878C-5047-4858-8C67-49D01717E8E1} = {20478CEB-0051-4C7F-BF01-2D2E7552B4B1}
		{0F711329-176C-4F21-BDB4-2EEABF6C33A0} = {20478CEB-0051-4C7F-BF01-2D2E7552B4B1}
		{A63EDBC9-9F14-445A-8D32-B85FE713397C} = {20478CEB-0051-4C7F-BF01-2D2E7552B4B1}
		{1177F4CE-D796-459B-946C-81D62F655836} = {20478CEB-0051-4C7F-BF01-2D2E7552B4B1}
		{C322C549-3F70-414E-BEBF-B0B1F04B141B} = {20478CEB-0051-4C7F-BF01-2D2E7552B4B1}
		{8926F8DC-FAFC-44B4-93ED-BBE24E86D079} = {20478CEB-0051-4C7F-BF01-2D2E7552B4B1}
		{A5BE1AB8-9E5B-4B95-B89E-4E449590B723} = {29DE9A3A-B79D-4B1B-933A-EEB3871A286F}
		{E0159369-3EF4-4BA3-9311-A2A401F5E3D9} = {29DE9A3A-B79D-4B1B-933A-EEB3871A286F}
		{BDB30D43-9064-4B7B-A86A-4566E1195B67} = {29DE9A3A-B79D-4B1B-933A-EEB3871A286F}
		{601F94FB-C259-4E3B-B8EA-72918B4206F0} = {29DE9A3A-B79D-4B1B-933A-EEB3871A286F}
		{F9BF1615-48AC-4109-A6BA-F089464D8FE4} = {29DE9A3A-B79D-4B1B-933A-EEB3871A286F}
		{92806025-C66F-40DC-B2EE-2B920284751C} = {29DE9A3A-B79D-4B1B-933A-EEB3871A286F}
		{0262B776-F7F6-4DA8-AF25-488E17607DF6} = {29DE9A3A-B79D-4B1B-933A-EEB3871A286F}
		{99FCA93E-67D4-4835-9AF9-97BF5606B221} = {43B5774C-3D54-4389-BB4A-DB9888BE7B5E}
		{E4BDACEA-95E0-4ADA-8206-795C47982B38} = {43B5774C-3D54-4389-BB4A-DB9888BE7B5E}
		{0D4D302A-5127-4EEA-A28B-B68CC828F8BD} = {25E958B0-AE66-4AE3-B8EC-6DDC85D11D5D}
		{8A7C9B3D-56B5-4EE7-896D-5FBCC3034745} = {CEC06B08-EC4B-4823-A307-D2DF4F6C2CA2}
	EndGlobalSection
	GlobalSection(ExtensibilityGlobals) = postSolution
		SolutionGuid = {85020CE7-9EF6-4502-94F6-98643E762B78}
	EndGlobalSection
EndGlobal
